
Microsoft Visual Studio Solution File, Format Version 12.00
# Visual Studio 14
VisualStudioVersion = 14.0.25420.1
MinimumVisualStudioVersion = 10.0.40219.1
Project("{8BC9CEB8-8B4A-11D0-8D11-00A0C91BC942}") = "staticLib", "staticLib\staticLib.vcxproj", "{FD9CF869-65C2-4492-A547-03C6362BFD94}"
EndProject
Project("{8BC9CEB8-8B4A-11D0-8D11-00A0C91BC942}") = "dyanmic", "dyanmic\dyanmic.vcxproj", "{DB387877-648D-4D14-8A45-95D2F963C8BE}"
EndProject
Global
	GlobalSection(SolutionConfigurationPlatforms) = preSolution
		Debug|Tegra-Android = Debug|Tegra-Android
		Release|Tegra-Android = Release|Tegra-Android
		Shipping|Tegra-Android = Shipping|Tegra-Android
	EndGlobalSection
	GlobalSection(ProjectConfigurationPlatforms) = postSolution
		{FD9CF869-65C2-4492-A547-03C6362BFD94}.Debug|Tegra-Android.ActiveCfg = Debug|Tegra-Android
		{FD9CF869-65C2-4492-A547-03C6362BFD94}.Debug|Tegra-Android.Build.0 = Debug|Tegra-Android
		{FD9CF869-65C2-4492-A547-03C6362BFD94}.Release|Tegra-Android.ActiveCfg = Release|Tegra-Android
		{FD9CF869-65C2-4492-A547-03C6362BFD94}.Release|Tegra-Android.Build.0 = Release|Tegra-Android
		{FD9CF869-65C2-4492-A547-03C6362BFD94}.Shipping|Tegra-Android.ActiveCfg = Shipping|Tegra-Android
		{FD9CF869-65C2-4492-A547-03C6362BFD94}.Shipping|Tegra-Android.Build.0 = Shipping|Tegra-Android
		{DB387877-648D-4D14-8A45-95D2F963C8BE}.Debug|Tegra-Android.ActiveCfg = Debug|Tegra-Android
		{DB387877-648D-4D14-8A45-95D2F963C8BE}.Debug|Tegra-Android.Build.0 = Debug|Tegra-Android
		{DB387877-648D-4D14-8A45-95D2F963C8BE}.Release|Tegra-Android.ActiveCfg = Release|Tegra-Android
		{DB387877-648D-4D14-8A45-95D2F963C8BE}.Release|Tegra-Android.Build.0 = Release|Tegra-Android
		{DB387877-648D-4D14-8A45-95D2F963C8BE}.Shipping|Tegra-Android.ActiveCfg = Shipping|Tegra-Android
		{DB387877-648D-4D14-8A45-95D2F963C8BE}.Shipping|Tegra-Android.Build.0 = Shipping|Tegra-Android
	EndGlobalSection
	GlobalSection(SolutionProperties) = preSolution
		HideSolutionNode = FALSE
	EndGlobalSection
EndGlobal
